
Microsoft Visual Studio Solution File, Format Version 12.00
# Visual Studio Version 17
VisualStudioVersion = 17.5.002.0
MinimumVisualStudioVersion = 10.0.40219.1
Project("{9A19103F-16F7-4668-BE54-9A1E7A4F7556}") = "StopWatch", "StopWatch.csproj", "{913F7D07-D41A-4B88-8676-47615460D5FE}"
EndProject
Global
	GlobalSection(SolutionConfigurationPlatforms) = preSolution
		Debug|Any CPU = Debug|Any CPU
		Release|Any CPU = Release|Any CPU
	EndGlobalSection
	GlobalSection(ProjectConfigurationPlatforms) = postSolution
		{913F7D07-D41A-4B88-8676-47615460D5FE}.Debug|Any CPU.ActiveCfg = Debug|Any CPU
		{913F7D07-D41A-4B88-8676-47615460D5FE}.Debug|Any CPU.Build.0 = Debug|Any CPU
		{913F7D07-D41A-4B88-8676-47615460D5FE}.Release|Any CPU.ActiveCfg = Release|Any CPU
		{913F7D07-D41A-4B88-8676-47615460D5FE}.Release|Any CPU.Build.0 = Release|Any CPU
	EndGlobalSection
	GlobalSection(SolutionProperties) = preSolution
		HideSolutionNode = FALSE
	EndGlobalSection
	GlobalSection(ExtensibilityGlobals) = postSolution
		SolutionGuid = {199599C7-D081-4CCC-AA19-E2D77642B3D2}
	EndGlobalSection
EndGlobal
